
Microsoft Visual Studio Solution File, Format Version 12.00
# Visual Studio 2012
Project("{FAE04EC0-301F-11D3-BF4B-00C04F79EFBC}") = "MvcApplication3", "MvcApplication3\MvcApplication3.csproj", "{D353451E-2F8D-496C-8ABC-1BBB3832D4AA}"
EndProject
Global
	GlobalSection(SolutionConfigurationPlatforms) = preSolution
		Debug|Any CPU = Debug|Any CPU
		Release|Any CPU = Release|Any CPU
	EndGlobalSection
	GlobalSection(ProjectConfigurationPlatforms) = postSolution
		{D353451E-2F8D-496C-8ABC-1BBB3832D4AA}.Debug|Any CPU.ActiveCfg = Debug|Any CPU
		{D353451E-2F8D-496C-8ABC-1BBB3832D4AA}.Debug|Any CPU.Build.0 = Debug|Any CPU
		{D353451E-2F8D-496C-8ABC-1BBB3832D4AA}.Release|Any CPU.ActiveCfg = Release|Any CPU
		{D353451E-2F8D-496C-8ABC-1BBB3832D4AA}.Release|Any CPU.Build.0 = Release|Any CPU
	EndGlobalSection
	GlobalSection(SolutionProperties) = preSolution
		HideSolutionNode = FALSE
	EndGlobalSection
EndGlobal
